// !$*UTF8*$!
{
	archiveVersion = 1;
	classes = {
	};
	objectVersion = 46;
	objects = {

/* Begin PBXBuildFile section */
		438792021CA206DD004622F1 /* AppDelegate.swift in Sources */ = {isa = PBXBuildFile; fileRef = 438792011CA206DD004622F1 /* AppDelegate.swift */; };
		438792071CA206DD004622F1 /* Main.storyboard in Resources */ = {isa = PBXBuildFile; fileRef = 438792051CA206DD004622F1 /* Main.storyboard */; };
		4387920A1CA206DD004622F1 /* WeatherApp.xcdatamodeld in Sources */ = {isa = PBXBuildFile; fileRef = 438792081CA206DD004622F1 /* WeatherApp.xcdatamodeld */; };
		4387920C1CA206DD004622F1 /* Assets.xcassets in Resources */ = {isa = PBXBuildFile; fileRef = 4387920B1CA206DD004622F1 /* Assets.xcassets */; };
		4387920F1CA206DD004622F1 /* LaunchScreen.storyboard in Resources */ = {isa = PBXBuildFile; fileRef = 4387920D1CA206DD004622F1 /* LaunchScreen.storyboard */; };
		438792171CA21338004622F1 /* MainViewController.swift in Sources */ = {isa = PBXBuildFile; fileRef = 438792161CA21338004622F1 /* MainViewController.swift */; };
/* End PBXBuildFile section */

/* Begin PBXFileReference section */
		438791FE1CA206DD004622F1 /* WeatherApp.app */ = {isa = PBXFileReference; explicitFileType = wrapper.application; includeInIndex = 0; path = WeatherApp.app; sourceTree = BUILT_PRODUCTS_DIR; };
		438792011CA206DD004622F1 /* AppDelegate.swift */ = {isa = PBXFileReference; lastKnownFileType = sourcecode.swift; path = AppDelegate.swift; sourceTree = "<group>"; };
		438792061CA206DD004622F1 /* Base */ = {isa = PBXFileReference; lastKnownFileType = file.storyboard; name = Base; path = Base.lproj/Main.storyboard; sourceTree = "<group>"; };
		438792091CA206DD004622F1 /* WeatherApp.xcdatamodel */ = {isa = PBXFileReference; lastKnownFileType = wrapper.xcdatamodel; path = WeatherApp.xcdatamodel; sourceTree = "<group>"; };
		4387920B1CA206DD004622F1 /* Assets.xcassets */ = {isa = PBXFileReference; lastKnownFileType = folder.assetcatalog; path = Assets.xcassets; sourceTree = "<group>"; };
		4387920E1CA206DD004622F1 /* Base */ = {isa = PBXFileReference; lastKnownFileType = file.storyboard; name = Base; path = Base.lproj/LaunchScreen.storyboard; sourceTree = "<group>"; };
		438792101CA206DD004622F1 /* Info.plist */ = {isa = PBXFileReference; lastKnownFileType = text.plist.xml; path = Info.plist; sourceTree = "<group>"; };
		438792161CA21338004622F1 /* MainViewController.swift */ = {isa = PBXFileReference; fileEncoding = 4; lastKnownFileType = sourcecode.swift; path = MainViewController.swift; sourceTree = "<group>"; };
/* End PBXFileReference section */

/* Begin PBXFrameworksBuildPhase section */
		438791FB1CA206DD004622F1 /* Frameworks */ = {
			isa = PBXFrameworksBuildPhase;
			buildActionMask = 2147483647;
			files = (
			);
			runOnlyForDeploymentPostprocessing = 0;
		};
/* End PBXFrameworksBuildPhase section */

/* Begin PBXGroup section */
		438791F51CA206DD004622F1 = {
			isa = PBXGroup;
			children = (
				438792001CA206DD004622F1 /* WeatherApp */,
				438791FF1CA206DD004622F1 /* Products */,
			);
			sourceTree = "<group>";
		};
		438791FF1CA206DD004622F1 /* Products */ = {
			isa = PBXGroup;
			children = (
				438791FE1CA206DD004622F1 /* WeatherApp.app */,
			);
			name = Products;
			sourceTree = "<group>";
		};
		438792001CA206DD004622F1 /* WeatherApp */ = {
			isa = PBXGroup;
			children = (
				438792011CA206DD004622F1 /* AppDelegate.swift */,
				438792051CA206DD004622F1 /* Main.storyboard */,
				438792161CA21338004622F1 /* MainViewController.swift */,
				4387920B1CA206DD004622F1 /* Assets.xcassets */,
				4387920D1CA206DD004622F1 /* LaunchScreen.storyboard */,
				438792101CA206DD004622F1 /* Info.plist */,
				438792081CA206DD004622F1 /* WeatherApp.xcdatamodeld */,
			);
			path = WeatherApp;
			sourceTree = "<group>";
		};
/* End PBXGroup section */

/* Begin PBXNativeTarget section */
		438791FD1CA206DD004622F1 /* WeatherApp */ = {
			isa = PBXNativeTarget;
			buildConfigurationList = 438792131CA206DD004622F1 /* Build configuration list for PBXNativeTarget "WeatherApp" */;
			buildPhases = (
				438791FA1CA206DD004622F1 /* Sources */,
				438791FB1CA206DD004622F1 /* Frameworks */,
				438791FC1CA206DD004622F1 /* Resources */,
			);
			buildRules = (
			);
			dependencies = (
			);
			name = WeatherApp;
			productName = WeatherApp;
			productReference = 438791FE1CA206DD004622F1 /* WeatherApp.app */;
			productType = "com.apple.product-type.application";
		};
/* End PBXNativeTarget section */

/* Begin PBXProject section */
		438791F61CA206DD004622F1 /* Project object */ = {
			isa = PBXProject;
			attributes = {
				LastSwiftUpdateCheck = 0730;
				LastUpgradeCheck = 0730;
				ORGANIZATIONNAME = "Sik Marketing";
				TargetAttributes = {
					438791FD1CA206DD004622F1 = {
						CreatedOnToolsVersion = 7.3;
						DevelopmentTeam = 38W3QU7FLK;
					};
				};
			};
			buildConfigurationList = 438791F91CA206DD004622F1 /* Build configuration list for PBXProject "WeatherApp" */;
			compatibilityVersion = "Xcode 3.2";
			developmentRegion = English;
			hasScannedForEncodings = 0;
			knownRegions = (
				en,
				Base,
			);
			mainGroup = 438791F51CA206DD004622F1;
			productRefGroup = 438791FF1CA206DD004622F1 /* Products */;
			projectDirPath = "";
			projectRoot = "";
			targets = (
				438791FD1CA206DD004622F1 /* WeatherApp */,
			);
		};
/* End PBXProject section */

/* Begin PBXResourcesBuildPhase section */
		438791FC1CA206DD004622F1 /* Resources */ = {
			isa = PBXResourcesBuildPhase;
			buildActionMask = 2147483647;
			files = (
				4387920F1CA206DD004622F1 /* LaunchScreen.storyboard in Resources */,
				4387920C1CA206DD004622F1 /* Assets.xcassets in Resources */,
				438792071CA206DD004622F1 /* Main.storyboard in Resources */,
			);
			runOnlyForDeploymentPostprocessing = 0;
		};
/* End PBXResourcesBuildPhase section */

/* Begin PBXSourcesBuildPhase section */
		438791FA1CA206DD004622F1 /* Sources */ = {
			isa = PBXSourcesBuildPhase;
			buildActionMask = 2147483647;
			files = (
				438792171CA21338004622F1 /* MainViewController.swift in Sources */,
				4387920A1CA206DD004622F1 /* WeatherApp.xcdatamodeld in Sources */,
				438792021CA206DD004622F1 /* AppDelegate.swift in Sources */,
			);
			runOnlyForDeploymentPostprocessing = 0;
		};
/* End PBXSourcesBuildPhase section */

/* Begin PBXVariantGroup section */
		438792051CA206DD004622F1 /* Main.storyboard */ = {
			isa = PBXVariantGroup;
			children = (
				438792061CA206DD004622F1 /* Base */,
			);
			name = Main.storyboard;
			sourceTree = "<group>";
		};
		4387920D1CA206DD004622F1 /* LaunchScreen.storyboard */ = {
			isa = PBXVariantGroup;
			children = (
				4387920E1CA206DD004622F1 /* Base */,
			);
			name = LaunchScreen.storyboard;
			sourceTree = "<group>";
		};
/* End PBXVariantGroup section */

/* Begin XCBuildConfiguration section */
		438792111CA206DD004622F1 /* Debug */ = {
			isa = XCBuildConfiguration;
			buildSettings = {
				ALWAYS_SEARCH_USER_PATHS = NO;
				CLANG_ANALYZER_NONNULL = YES;
				CLANG_CXX_LANGUAGE_STANDARD = "gnu++0x";
				CLANG_CXX_LIBRARY = "libc++";
				CLANG_ENABLE_MODULES = YES;
				CLANG_ENABLE_OBJC_ARC = YES;
				CLANG_WARN_BOOL_CONVERSION = YES;
				CLANG_WARN_CONSTANT_CONVERSION = YES;
				CLANG_WARN_DIRECT_OBJC_ISA_USAGE = YES_ERROR;
				CLANG_WARN_EMPTY_BODY = YES;
				CLANG_WARN_ENUM_CONVERSION = YES;
				CLANG_WARN_INT_CONVERSION = YES;
				CLANG_WARN_OBJC_ROOT_CLASS = YES_ERROR;
				CLANG_WARN_UNREACHABLE_CODE = YES;
				CLANG_WARN__DUPLICATE_METHOD_MATCH = YES;
				"CODE_SIGN_IDENTITY[sdk=iphoneos*]" = "iPhone Developer";
				COPY_PHASE_STRIP = NO;
				DEBUG_INFORMATION_FORMAT = dwarf;
				ENABLE_STRICT_OBJC_MSGSEND = YES;
				ENABLE_TESTABILITY = YES;
				GCC_C_LANGUAGE_STANDARD = gnu99;
				GCC_DYNAMIC_NO_PIC = NO;
				GCC_NO_COMMON_BLOCKS = YES;
				GCC_OPTIMIZATION_LEVEL = 0;
				GCC_PREPROCESSOR_DEFINITIONS = (
					"DEBUG=1",
					"$(inherited)",
				);
				GCC_WARN_64_TO_32_BIT_CONVERSION = YES;
				GCC_WARN_ABOUT_RETURN_TYPE = YES_ERROR;
				GCC_WARN_UNDECLARED_SELECTOR = YES;
				GCC_WARN_UNINITIALIZED_AUTOS = YES_AGGRESSIVE;
				GCC_WARN_UNUSED_FUNCTION = YES;
				GCC_WARN_UNUSED_VARIABLE = YES;
				IPHONEOS_DEPLOYMENT_TARGET = 9.3;
				MTL_ENABLE_DEBUG_INFO = YES;
				ONLY_ACTIVE_ARCH = YES;
				SDKROOT = iphoneos;
				SWIFT_OPTIMIZATION_LEVEL = "-Onone";
				TARGETED_DEVICE_FAMILY = "1,2";
			};
			name = Debug;
		};
		438792121CA206DD004622F1 /* Release */ = {
			isa = XCBuildConfiguration;
			buildSettings = {
				ALWAYS_SEARCH_USER_PATHS = NO;
				CLANG_ANALYZER_NONNULL = YES;
				CLANG_CXX_LANGUAGE_STANDARD = "gnu++0x";
				CLANG_CXX_LIBRARY = "libc++";
				CLANG_ENABLE_MODULES = YES;
				CLANG_ENABLE_OBJC_ARC = YES;
				CLANG_WARN_BOOL_CONVERSION = YES;
				CLANG_WARN_CONSTANT_CONVERSION = YES;
				CLANG_WARN_DIRECT_OBJC_ISA_USAGE = YES_ERROR;
				CLANG_WARN_EMPTY_BODY = YES;
				CLANG_WARN_ENUM_CONVERSION = YES;
				CLANG_WARN_INT_CONVERSION = YES;
				CLANG_WARN_OBJC_ROOT_CLASS = YES_ERROR;
				CLANG_WARN_UNREACHABLE_CODE = YES;
				CLANG_WARN__DUPLICATE_METHOD_MATCH = YES;
				"CODE_SIGN_IDENTITY[sdk=iphoneos*]" = "iPhone Developer";
				COPY_PHASE_STRIP = NO;
				DEBUG_INFORMATION_FORMAT = "dwarf-with-dsym";
				ENABLE_NS_ASSERTIONS = NO;
				ENABLE_STRICT_OBJC_MSGSEND = YES;
				GCC_C_LANGUAGE_STANDARD = gnu99;
				GCC_NO_COMMON_BLOCKS = YES;
				GCC_WARN_64_TO_32_BIT_CONVERSION = YES;
				GCC_WARN_ABOUT_RETURN_TYPE = YES_ERROR;
				GCC_WARN_UNDECLARED_SELECTOR = YES;
				GCC_WARN_UNINITIALIZED_AUTOS = YES_AGGRESSIVE;
				GCC_WARN_UNUSED_FUNCTION = YES;
				GCC_WARN_UNUSED_VARIABLE = YES;
				IPHONEOS_DEPLOYMENT_TARGET = 9.3;
				MTL_ENABLE_DEBUG_INFO = NO;
				SDKROOT = iphoneos;
				TARGETED_DEVICE_FAMILY = "1,2";
				VALIDATE_PRODUCT = YES;
			};
			name = Release;
		};
		438792141CA206DD004622F1 /* Debug */ = {
			isa = XCBuildConfiguration;
			buildSettings = {
				ASSETCATALOG_COMPILER_APPICON_NAME = AppIcon;
				INFOPLIST_FILE = WeatherApp/Info.plist;
				LD_RUNPATH_SEARCH_PATHS = "$(inherited) @executable_path/Frameworks";
				PRODUCT_BUNDLE_IDENTIFIER = com.sikmarketing.WeatherApp;
				PRODUCT_NAME = "$(TARGET_NAME)";
			};
			name = Debug;
		};
		438792151CA206DD004622F1 /* Release */ = {
			isa = XCBuildConfiguration;
			buildSettings = {
				ASSETCATALOG_COMPILER_APPICON_NAME = AppIcon;
				INFOPLIST_FILE = WeatherApp/Info.plist;
				LD_RUNPATH_SEARCH_PATHS = "$(inherited) @executable_path/Frameworks";
				PRODUCT_BUNDLE_IDENTIFIER = com.sikmarketing.WeatherApp;
				PRODUCT_NAME = "$(TARGET_NAME)";
			};
			name = Release;
		};
/* End XCBuildConfiguration section */

/* Begin XCConfigurationList section */
		438791F91CA206DD004622F1 /* Build configuration list for PBXProject "WeatherApp" */ = {
			isa = XCConfigurationList;
			buildConfigurations = (
				438792111CA206DD004622F1 /* Debug */,
				438792121CA206DD004622F1 /* Release */,
			);
			defaultConfigurationIsVisible = 0;
			defaultConfigurationName = Release;
		};
		438792131CA206DD004622F1 /* Build configuration list for PBXNativeTarget "WeatherApp" */ = {
			isa = XCConfigurationList;
			buildConfigurations = (
				438792141CA206DD004622F1 /* Debug */,
				438792151CA206DD004622F1 /* Release */,
			);
			defaultConfigurationIsVisible = 0;
		};
/* End XCConfigurationList section */

/* Begin XCVersionGroup section */
		438792081CA206DD004622F1 /* WeatherApp.xcdatamodeld */ = {
			isa = XCVersionGroup;
			children = (
				438792091CA206DD004622F1 /* WeatherApp.xcdatamodel */,
			);
			currentVersion = 438792091CA206DD004622F1 /* WeatherApp.xcdatamodel */;
			path = WeatherApp.xcdatamodeld;
			sourceTree = "<group>";
			versionGroupType = wrapper.xcdatamodel;
		};
/* End XCVersionGroup section */
	};
	rootObject = 438791F61CA206DD004622F1 /* Project object */;
}
